
Microsoft Visual Studio Solution File, Format Version 12.00
# Visual Studio 15
VisualStudioVersion = 15.0.27428.2037
MinimumVisualStudioVersion = 10.0.40219.1
Project("{FAE04EC0-301F-11D3-BF4B-00C04F79EFBC}") = "HM4DesignTool", "HM4DesignTool.csproj", "{361A6089-D6B6-4675-B6A7-C1385A6FF6D5}"
EndProject
Global
	GlobalSection(SolutionConfigurationPlatforms) = preSolution
		Debug|Any CPU = Debug|Any CPU
		OptimizedRelease|Any CPU = OptimizedRelease|Any CPU
		Release|Any CPU = Release|Any CPU
	EndGlobalSection
	GlobalSection(ProjectConfigurationPlatforms) = postSolution
		{361A6089-D6B6-4675-B6A7-C1385A6FF6D5}.Debug|Any CPU.ActiveCfg = Debug|Any CPU
		{361A6089-D6B6-4675-B6A7-C1385A6FF6D5}.Debug|Any CPU.Build.0 = Debug|Any CPU
		{361A6089-D6B6-4675-B6A7-C1385A6FF6D5}.OptimizedRelease|Any CPU.ActiveCfg = OptimizedRelease|Any CPU
		{361A6089-D6B6-4675-B6A7-C1385A6FF6D5}.OptimizedRelease|Any CPU.Build.0 = OptimizedRelease|Any CPU
		{361A6089-D6B6-4675-B6A7-C1385A6FF6D5}.Release|Any CPU.ActiveCfg = Release|Any CPU
		{361A6089-D6B6-4675-B6A7-C1385A6FF6D5}.Release|Any CPU.Build.0 = Release|Any CPU
	EndGlobalSection
	GlobalSection(SolutionProperties) = preSolution
		HideSolutionNode = FALSE
	EndGlobalSection
	GlobalSection(ExtensibilityGlobals) = postSolution
		SolutionGuid = {46DF1BB4-EF36-4AF0-8820-D48B56C38BC7}
	EndGlobalSection
EndGlobal
